// !$*UTF8*$!
{
	archiveVersion = 1;
	classes = {
	};
	objectVersion = 56;
	objects = {

/* Begin PBXBuildFile section */
		C7B53719292B5FFC00384C24 /* CostAccountingApp.swift in Sources */ = {isa = PBXBuildFile; fileRef = C7B53718292B5FFC00384C24 /* CostAccountingApp.swift */; };
		C7B5371B292B5FFC00384C24 /* ContentView.swift in Sources */ = {isa = PBXBuildFile; fileRef = C7B5371A292B5FFC00384C24 /* ContentView.swift */; };
		C7B5371D292B5FFE00384C24 /* Assets.xcassets in Resources */ = {isa = PBXBuildFile; fileRef = C7B5371C292B5FFE00384C24 /* Assets.xcassets */; };
		C7B53720292B5FFE00384C24 /* Preview Assets.xcassets in Resources */ = {isa = PBXBuildFile; fileRef = C7B5371F292B5FFE00384C24 /* Preview Assets.xcassets */; };
		C7B5372A292B60E500384C24 /* ExpenseItem.swift in Sources */ = {isa = PBXBuildFile; fileRef = C7B53729292B60E500384C24 /* ExpenseItem.swift */; };
		C7B5372C292B615E00384C24 /* ViewModel.swift in Sources */ = {isa = PBXBuildFile; fileRef = C7B5372B292B615E00384C24 /* ViewModel.swift */; };
		C7B5372E292B644500384C24 /* ExpenseView.swift in Sources */ = {isa = PBXBuildFile; fileRef = C7B5372D292B644500384C24 /* ExpenseView.swift */; };
		C7B53730292B66F000384C24 /* ActionView.swift in Sources */ = {isa = PBXBuildFile; fileRef = C7B5372F292B66F000384C24 /* ActionView.swift */; };
/* End PBXBuildFile section */

/* Begin PBXFileReference section */
		C7B53715292B5FFC00384C24 /* CostAccounting.app */ = {isa = PBXFileReference; explicitFileType = wrapper.application; includeInIndex = 0; path = CostAccounting.app; sourceTree = BUILT_PRODUCTS_DIR; };
		C7B53718292B5FFC00384C24 /* CostAccountingApp.swift */ = {isa = PBXFileReference; lastKnownFileType = sourcecode.swift; path = CostAccountingApp.swift; sourceTree = "<group>"; };
		C7B5371A292B5FFC00384C24 /* ContentView.swift */ = {isa = PBXFileReference; lastKnownFileType = sourcecode.swift; path = ContentView.swift; sourceTree = "<group>"; };
		C7B5371C292B5FFE00384C24 /* Assets.xcassets */ = {isa = PBXFileReference; lastKnownFileType = folder.assetcatalog; path = Assets.xcassets; sourceTree = "<group>"; };
		C7B5371F292B5FFE00384C24 /* Preview Assets.xcassets */ = {isa = PBXFileReference; lastKnownFileType = folder.assetcatalog; path = "Preview Assets.xcassets"; sourceTree = "<group>"; };
		C7B53729292B60E500384C24 /* ExpenseItem.swift */ = {isa = PBXFileReference; lastKnownFileType = sourcecode.swift; path = ExpenseItem.swift; sourceTree = "<group>"; };
		C7B5372B292B615E00384C24 /* ViewModel.swift */ = {isa = PBXFileReference; lastKnownFileType = sourcecode.swift; path = ViewModel.swift; sourceTree = "<group>"; };
		C7B5372D292B644500384C24 /* ExpenseView.swift */ = {isa = PBXFileReference; lastKnownFileType = sourcecode.swift; path = ExpenseView.swift; sourceTree = "<group>"; };
		C7B5372F292B66F000384C24 /* ActionView.swift */ = {isa = PBXFileReference; lastKnownFileType = sourcecode.swift; path = ActionView.swift; sourceTree = "<group>"; };
/* End PBXFileReference section */

/* Begin PBXFrameworksBuildPhase section */
		C7B53712292B5FFC00384C24 /* Frameworks */ = {
			isa = PBXFrameworksBuildPhase;
			buildActionMask = 2147483647;
			files = (
			);
			runOnlyForDeploymentPostprocessing = 0;
		};
/* End PBXFrameworksBuildPhase section */

/* Begin PBXGroup section */
		C7B5370C292B5FFC00384C24 = {
			isa = PBXGroup;
			children = (
				C7B53717292B5FFC00384C24 /* CostAccounting */,
				C7B53716292B5FFC00384C24 /* Products */,
			);
			sourceTree = "<group>";
		};
		C7B53716292B5FFC00384C24 /* Products */ = {
			isa = PBXGroup;
			children = (
				C7B53715292B5FFC00384C24 /* CostAccounting.app */,
			);
			name = Products;
			sourceTree = "<group>";
		};
		C7B53717292B5FFC00384C24 /* CostAccounting */ = {
			isa = PBXGroup;
			children = (
				C7B53728292B607400384C24 /* Model */,
				C7B53727292B606B00384C24 /* ViewModel */,
				C7B53726292B606500384C24 /* View */,
				C7B53718292B5FFC00384C24 /* CostAccountingApp.swift */,
				C7B5371C292B5FFE00384C24 /* Assets.xcassets */,
				C7B5371E292B5FFE00384C24 /* Preview Content */,
			);
			path = CostAccounting;
			sourceTree = "<group>";
		};
		C7B5371E292B5FFE00384C24 /* Preview Content */ = {
			isa = PBXGroup;
			children = (
				C7B5371F292B5FFE00384C24 /* Preview Assets.xcassets */,
			);
			path = "Preview Content";
			sourceTree = "<group>";
		};
		C7B53726292B606500384C24 /* View */ = {
			isa = PBXGroup;
			children = (
				C7B5371A292B5FFC00384C24 /* ContentView.swift */,
				C7B5372D292B644500384C24 /* ExpenseView.swift */,
				C7B5372F292B66F000384C24 /* ActionView.swift */,
			);
			path = View;
			sourceTree = "<group>";
		};
		C7B53727292B606B00384C24 /* ViewModel */ = {
			isa = PBXGroup;
			children = (
				C7B5372B292B615E00384C24 /* ViewModel.swift */,
			);
			path = ViewModel;
			sourceTree = "<group>";
		};
		C7B53728292B607400384C24 /* Model */ = {
			isa = PBXGroup;
			children = (
				C7B53729292B60E500384C24 /* ExpenseItem.swift */,
			);
			path = Model;
			sourceTree = "<group>";
		};
/* End PBXGroup section */

/* Begin PBXNativeTarget section */
		C7B53714292B5FFC00384C24 /* CostAccounting */ = {
			isa = PBXNativeTarget;
			buildConfigurationList = C7B53723292B5FFE00384C24 /* Build configuration list for PBXNativeTarget "CostAccounting" */;
			buildPhases = (
				C7B53711292B5FFC00384C24 /* Sources */,
				C7B53712292B5FFC00384C24 /* Frameworks */,
				C7B53713292B5FFC00384C24 /* Resources */,
			);
			buildRules = (
			);
			dependencies = (
			);
			name = CostAccounting;
			productName = CostAccounting;
			productReference = C7B53715292B5FFC00384C24 /* CostAccounting.app */;
			productType = "com.apple.product-type.application";
		};
/* End PBXNativeTarget section */

/* Begin PBXProject section */
		C7B5370D292B5FFC00384C24 /* Project object */ = {
			isa = PBXProject;
			attributes = {
				BuildIndependentTargetsInParallel = 1;
				LastSwiftUpdateCheck = 1410;
				LastUpgradeCheck = 1410;
				TargetAttributes = {
					C7B53714292B5FFC00384C24 = {
						CreatedOnToolsVersion = 14.1;
					};
				};
			};
			buildConfigurationList = C7B53710292B5FFC00384C24 /* Build configuration list for PBXProject "CostAccounting" */;
			compatibilityVersion = "Xcode 14.0";
			developmentRegion = en;
			hasScannedForEncodings = 0;
			knownRegions = (
				en,
				Base,
			);
			mainGroup = C7B5370C292B5FFC00384C24;
			productRefGroup = C7B53716292B5FFC00384C24 /* Products */;
			projectDirPath = "";
			projectRoot = "";
			targets = (
				C7B53714292B5FFC00384C24 /* CostAccounting */,
			);
		};
/* End PBXProject section */

/* Begin PBXResourcesBuildPhase section */
		C7B53713292B5FFC00384C24 /* Resources */ = {
			isa = PBXResourcesBuildPhase;
			buildActionMask = 2147483647;
			files = (
				C7B53720292B5FFE00384C24 /* Preview Assets.xcassets in Resources */,
				C7B5371D292B5FFE00384C24 /* Assets.xcassets in Resources */,
			);
			runOnlyForDeploymentPostprocessing = 0;
		};
/* End PBXResourcesBuildPhase section */

/* Begin PBXSourcesBuildPhase section */
		C7B53711292B5FFC00384C24 /* Sources */ = {
			isa = PBXSourcesBuildPhase;
			buildActionMask = 2147483647;
			files = (
				C7B53730292B66F000384C24 /* ActionView.swift in Sources */,
				C7B5372E292B644500384C24 /* ExpenseView.swift in Sources */,
				C7B5371B292B5FFC00384C24 /* ContentView.swift in Sources */,
				C7B5372A292B60E500384C24 /* ExpenseItem.swift in Sources */,
				C7B5372C292B615E00384C24 /* ViewModel.swift in Sources */,
				C7B53719292B5FFC00384C24 /* CostAccountingApp.swift in Sources */,
			);
			runOnlyForDeploymentPostprocessing = 0;
		};
/* End PBXSourcesBuildPhase section */

/* Begin XCBuildConfiguration section */
		C7B53721292B5FFE00384C24 /* Debug */ = {
			isa = XCBuildConfiguration;
			buildSettings = {
				ALWAYS_SEARCH_USER_PATHS = NO;
				CLANG_ANALYZER_NONNULL = YES;
				CLANG_ANALYZER_NUMBER_OBJECT_CONVERSION = YES_AGGRESSIVE;
				CLANG_CXX_LANGUAGE_STANDARD = "gnu++20";
				CLANG_ENABLE_MODULES = YES;
				CLANG_ENABLE_OBJC_ARC = YES;
				CLANG_ENABLE_OBJC_WEAK = YES;
				CLANG_WARN_BLOCK_CAPTURE_AUTORELEASING = YES;
				CLANG_WARN_BOOL_CONVERSION = YES;
				CLANG_WARN_COMMA = YES;
				CLANG_WARN_CONSTANT_CONVERSION = YES;
				CLANG_WARN_DEPRECATED_OBJC_IMPLEMENTATIONS = YES;
				CLANG_WARN_DIRECT_OBJC_ISA_USAGE = YES_ERROR;
				CLANG_WARN_DOCUMENTATION_COMMENTS = YES;
				CLANG_WARN_EMPTY_BODY = YES;
				CLANG_WARN_ENUM_CONVERSION = YES;
				CLANG_WARN_INFINITE_RECURSION = YES;
				CLANG_WARN_INT_CONVERSION = YES;
				CLANG_WARN_NON_LITERAL_NULL_CONVERSION = YES;
				CLANG_WARN_OBJC_IMPLICIT_RETAIN_SELF = YES;
				CLANG_WARN_OBJC_LITERAL_CONVERSION = YES;
				CLANG_WARN_OBJC_ROOT_CLASS = YES_ERROR;
				CLANG_WARN_QUOTED_INCLUDE_IN_FRAMEWORK_HEADER = YES;
				CLANG_WARN_RANGE_LOOP_ANALYSIS = YES;
				CLANG_WARN_STRICT_PROTOTYPES = YES;
				CLANG_WARN_SUSPICIOUS_MOVE = YES;
				CLANG_WARN_UNGUARDED_AVAILABILITY = YES_AGGRESSIVE;
				CLANG_WARN_UNREACHABLE_CODE = YES;
				CLANG_WARN__DUPLICATE_METHOD_MATCH = YES;
				COPY_PHASE_STRIP = NO;
				DEBUG_INFORMATION_FORMAT = dwarf;
				ENABLE_STRICT_OBJC_MSGSEND = YES;
				ENABLE_TESTABILITY = YES;
				GCC_C_LANGUAGE_STANDARD = gnu11;
				GCC_DYNAMIC_NO_PIC = NO;
				GCC_NO_COMMON_BLOCKS = YES;
				GCC_OPTIMIZATION_LEVEL = 0;
				GCC_PREPROCESSOR_DEFINITIONS = (
					"DEBUG=1",
					"$(inherited)",
				);
				GCC_WARN_64_TO_32_BIT_CONVERSION = YES;
				GCC_WARN_ABOUT_RETURN_TYPE = YES_ERROR;
				GCC_WARN_UNDECLARED_SELECTOR = YES;
				GCC_WARN_UNINITIALIZED_AUTOS = YES_AGGRESSIVE;
				GCC_WARN_UNUSED_FUNCTION = YES;
				GCC_WARN_UNUSED_VARIABLE = YES;
				IPHONEOS_DEPLOYMENT_TARGET = 16.1;
				MTL_ENABLE_DEBUG_INFO = INCLUDE_SOURCE;
				MTL_FAST_MATH = YES;
				ONLY_ACTIVE_ARCH = YES;
				SDKROOT = iphoneos;
				SWIFT_ACTIVE_COMPILATION_CONDITIONS = DEBUG;
				SWIFT_OPTIMIZATION_LEVEL = "-Onone";
			};
			name = Debug;
		};
		C7B53722292B5FFE00384C24 /* Release */ = {
			isa = XCBuildConfiguration;
			buildSettings = {
				ALWAYS_SEARCH_USER_PATHS = NO;
				CLANG_ANALYZER_NONNULL = YES;
				CLANG_ANALYZER_NUMBER_OBJECT_CONVERSION = YES_AGGRESSIVE;
				CLANG_CXX_LANGUAGE_STANDARD = "gnu++20";
				CLANG_ENABLE_MODULES = YES;
				CLANG_ENABLE_OBJC_ARC = YES;
				CLANG_ENABLE_OBJC_WEAK = YES;
				CLANG_WARN_BLOCK_CAPTURE_AUTORELEASING = YES;
				CLANG_WARN_BOOL_CONVERSION = YES;
				CLANG_WARN_COMMA = YES;
				CLANG_WARN_CONSTANT_CONVERSION = YES;
				CLANG_WARN_DEPRECATED_OBJC_IMPLEMENTATIONS = YES;
				CLANG_WARN_DIRECT_OBJC_ISA_USAGE = YES_ERROR;
				CLANG_WARN_DOCUMENTATION_COMMENTS = YES;
				CLANG_WARN_EMPTY_BODY = YES;
				CLANG_WARN_ENUM_CONVERSION = YES;
				CLANG_WARN_INFINITE_RECURSION = YES;
				CLANG_WARN_INT_CONVERSION = YES;
				CLANG_WARN_NON_LITERAL_NULL_CONVERSION = YES;
				CLANG_WARN_OBJC_IMPLICIT_RETAIN_SELF = YES;
				CLANG_WARN_OBJC_LITERAL_CONVERSION = YES;
				CLANG_WARN_OBJC_ROOT_CLASS = YES_ERROR;
				CLANG_WARN_QUOTED_INCLUDE_IN_FRAMEWORK_HEADER = YES;
				CLANG_WARN_RANGE_LOOP_ANALYSIS = YES;
				CLANG_WARN_STRICT_PROTOTYPES = YES;
				CLANG_WARN_SUSPICIOUS_MOVE = YES;
				CLANG_WARN_UNGUARDED_AVAILABILITY = YES_AGGRESSIVE;
				CLANG_WARN_UNREACHABLE_CODE = YES;
				CLANG_WARN__DUPLICATE_METHOD_MATCH = YES;
				COPY_PHASE_STRIP = NO;
				DEBUG_INFORMATION_FORMAT = "dwarf-with-dsym";
				ENABLE_NS_ASSERTIONS = NO;
				ENABLE_STRICT_OBJC_MSGSEND = YES;
				GCC_C_LANGUAGE_STANDARD = gnu11;
				GCC_NO_COMMON_BLOCKS = YES;
				GCC_WARN_64_TO_32_BIT_CONVERSION = YES;
				GCC_WARN_ABOUT_RETURN_TYPE = YES_ERROR;
				GCC_WARN_UNDECLARED_SELECTOR = YES;
				GCC_WARN_UNINITIALIZED_AUTOS = YES_AGGRESSIVE;
				GCC_WARN_UNUSED_FUNCTION = YES;
				GCC_WARN_UNUSED_VARIABLE = YES;
				IPHONEOS_DEPLOYMENT_TARGET = 16.1;
				MTL_ENABLE_DEBUG_INFO = NO;
				MTL_FAST_MATH = YES;
				SDKROOT = iphoneos;
				SWIFT_COMPILATION_MODE = wholemodule;
				SWIFT_OPTIMIZATION_LEVEL = "-O";
				VALIDATE_PRODUCT = YES;
			};
			name = Release;
		};
		C7B53724292B5FFE00384C24 /* Debug */ = {
			isa = XCBuildConfiguration;
			buildSettings = {
				ASSETCATALOG_COMPILER_APPICON_NAME = AppIcon;
				ASSETCATALOG_COMPILER_GLOBAL_ACCENT_COLOR_NAME = AccentColor;
				CODE_SIGN_STYLE = Automatic;
				CURRENT_PROJECT_VERSION = 1;
				DEVELOPMENT_ASSET_PATHS = "\"CostAccounting/Preview Content\"";
				DEVELOPMENT_TEAM = RCCUBKLJRG;
				ENABLE_PREVIEWS = YES;
				GENERATE_INFOPLIST_FILE = YES;
				INFOPLIST_KEY_UIApplicationSceneManifest_Generation = YES;
				INFOPLIST_KEY_UIApplicationSupportsIndirectInputEvents = YES;
				INFOPLIST_KEY_UILaunchScreen_Generation = YES;
				INFOPLIST_KEY_UISupportedInterfaceOrientations_iPad = "UIInterfaceOrientationPortrait UIInterfaceOrientationPortraitUpsideDown UIInterfaceOrientationLandscapeLeft UIInterfaceOrientationLandscapeRight";
				INFOPLIST_KEY_UISupportedInterfaceOrientations_iPhone = "UIInterfaceOrientationPortrait UIInterfaceOrientationLandscapeLeft UIInterfaceOrientationLandscapeRight";
				LD_RUNPATH_SEARCH_PATHS = (
					"$(inherited)",
					"@executable_path/Frameworks",
				);
				MARKETING_VERSION = 1.0;
				PRODUCT_BUNDLE_IDENTIFIER = com.salimsoltanovich.CostAccounting;
				PRODUCT_NAME = "$(TARGET_NAME)";
				SWIFT_EMIT_LOC_STRINGS = YES;
				SWIFT_VERSION = 5.0;
				TARGETED_DEVICE_FAMILY = "1,2";
			};
			name = Debug;
		};
		C7B53725292B5FFE00384C24 /* Release */ = {
			isa = XCBuildConfiguration;
			buildSettings = {
				ASSETCATALOG_COMPILER_APPICON_NAME = AppIcon;
				ASSETCATALOG_COMPILER_GLOBAL_ACCENT_COLOR_NAME = AccentColor;
				CODE_SIGN_STYLE = Automatic;
				CURRENT_PROJECT_VERSION = 1;
				DEVELOPMENT_ASSET_PATHS = "\"CostAccounting/Preview Content\"";
				DEVELOPMENT_TEAM = RCCUBKLJRG;
				ENABLE_PREVIEWS = YES;
				GENERATE_INFOPLIST_FILE = YES;
				INFOPLIST_KEY_UIApplicationSceneManifest_Generation = YES;
				INFOPLIST_KEY_UIApplicationSupportsIndirectInputEvents = YES;
				INFOPLIST_KEY_UILaunchScreen_Generation = YES;
				INFOPLIST_KEY_UISupportedInterfaceOrientations_iPad = "UIInterfaceOrientationPortrait UIInterfaceOrientationPortraitUpsideDown UIInterfaceOrientationLandscapeLeft UIInterfaceOrientationLandscapeRight";
				INFOPLIST_KEY_UISupportedInterfaceOrientations_iPhone = "UIInterfaceOrientationPortrait UIInterfaceOrientationLandscapeLeft UIInterfaceOrientationLandscapeRight";
				LD_RUNPATH_SEARCH_PATHS = (
					"$(inherited)",
					"@executable_path/Frameworks",
				);
				MARKETING_VERSION = 1.0;
				PRODUCT_BUNDLE_IDENTIFIER = com.salimsoltanovich.CostAccounting;
				PRODUCT_NAME = "$(TARGET_NAME)";
				SWIFT_EMIT_LOC_STRINGS = YES;
				SWIFT_VERSION = 5.0;
				TARGETED_DEVICE_FAMILY = "1,2";
			};
			name = Release;
		};
/* End XCBuildConfiguration section */

/* Begin XCConfigurationList section */
		C7B53710292B5FFC00384C24 /* Build configuration list for PBXProject "CostAccounting" */ = {
			isa = XCConfigurationList;
			buildConfigurations = (
				C7B53721292B5FFE00384C24 /* Debug */,
				C7B53722292B5FFE00384C24 /* Release */,
			);
			defaultConfigurationIsVisible = 0;
			defaultConfigurationName = Release;
		};
		C7B53723292B5FFE00384C24 /* Build configuration list for PBXNativeTarget "CostAccounting" */ = {
			isa = XCConfigurationList;
			buildConfigurations = (
				C7B53724292B5FFE00384C24 /* Debug */,
				C7B53725292B5FFE00384C24 /* Release */,
			);
			defaultConfigurationIsVisible = 0;
			defaultConfigurationName = Release;
		};
/* End XCConfigurationList section */
	};
	rootObject = C7B5370D292B5FFC00384C24 /* Project object */;
}
